// !$*UTF8*$!
{
	archiveVersion = 1;
	classes = {
	};
	objectVersion = 51;
	objects = {

/* Begin PBXBuildFile section */
		02C6423FBABC5737654891B2 /* Pods_Fireplan.framework in Frameworks */ = {isa = PBXBuildFile; fileRef = 462366CA65D9C0CA1176C263 /* Pods_Fireplan.framework */; };
		372F740E24949A9F00E39E47 /* Database.swift in Sources */ = {isa = PBXBuildFile; fileRef = 372F740D24949A9F00E39E47 /* Database.swift */; };
		375086652494A6D100023EFB /* ToggleFloorSwitch.swift in Sources */ = {isa = PBXBuildFile; fileRef = 375086642494A6D100023EFB /* ToggleFloorSwitch.swift */; };
		375086672494A98E00023EFB /* SwitchObserver.swift in Sources */ = {isa = PBXBuildFile; fileRef = 375086662494A98E00023EFB /* SwitchObserver.swift */; };
		376274192493C3F800149179 /* AppDelegate.swift in Sources */ = {isa = PBXBuildFile; fileRef = 376274182493C3F800149179 /* AppDelegate.swift */; };
		3762741B2493C3F800149179 /* SceneDelegate.swift in Sources */ = {isa = PBXBuildFile; fileRef = 3762741A2493C3F800149179 /* SceneDelegate.swift */; };
		3762741D2493C3F800149179 /* FloorPlanViewController.swift in Sources */ = {isa = PBXBuildFile; fileRef = 3762741C2493C3F800149179 /* FloorPlanViewController.swift */; };
		376274202493C3F800149179 /* Main.storyboard in Resources */ = {isa = PBXBuildFile; fileRef = 3762741E2493C3F800149179 /* Main.storyboard */; };
		376274222493C3FC00149179 /* Assets.xcassets in Resources */ = {isa = PBXBuildFile; fileRef = 376274212493C3FC00149179 /* Assets.xcassets */; };
		376274252493C3FC00149179 /* LaunchScreen.storyboard in Resources */ = {isa = PBXBuildFile; fileRef = 376274232493C3FC00149179 /* LaunchScreen.storyboard */; };
		376274302493C3FD00149179 /* FireplanTests.swift in Sources */ = {isa = PBXBuildFile; fileRef = 3762742F2493C3FD00149179 /* FireplanTests.swift */; };
		3762743B2493C3FD00149179 /* FireplanUITests.swift in Sources */ = {isa = PBXBuildFile; fileRef = 3762743A2493C3FD00149179 /* FireplanUITests.swift */; };
		376274492493C6F000149179 /* Room.swift in Sources */ = {isa = PBXBuildFile; fileRef = 376274482493C6F000149179 /* Room.swift */; };
		3762744B2493CA8C00149179 /* FloorPlan.swift in Sources */ = {isa = PBXBuildFile; fileRef = 3762744A2493CA8C00149179 /* FloorPlan.swift */; };
		3787E4FF2494B308003A8169 /* InfoWindow.swift in Sources */ = {isa = PBXBuildFile; fileRef = 3787E4FE2494B308003A8169 /* InfoWindow.swift */; };
		3787E5012494B63B003A8169 /* FireType.swift in Sources */ = {isa = PBXBuildFile; fileRef = 3787E5002494B63B003A8169 /* FireType.swift */; };
		3787E5032494B691003A8169 /* JSONParser.swift in Sources */ = {isa = PBXBuildFile; fileRef = 3787E5022494B691003A8169 /* JSONParser.swift */; };
		3787E5052494BAB8003A8169 /* RoomType.swift in Sources */ = {isa = PBXBuildFile; fileRef = 3787E5042494BAB8003A8169 /* RoomType.swift */; };
		3787E5072494BE77003A8169 /* AlertWindow.swift in Sources */ = {isa = PBXBuildFile; fileRef = 3787E5062494BE77003A8169 /* AlertWindow.swift */; };
		3787E5092494C6AB003A8169 /* RoomObserver.swift in Sources */ = {isa = PBXBuildFile; fileRef = 3787E5082494C6AB003A8169 /* RoomObserver.swift */; };
		3787E50B2494C76C003A8169 /* AlertObserver.swift in Sources */ = {isa = PBXBuildFile; fileRef = 3787E50A2494C76C003A8169 /* AlertObserver.swift */; };
		3787E50F249507FB003A8169 /* FireSize.swift in Sources */ = {isa = PBXBuildFile; fileRef = 3787E50E249507FA003A8169 /* FireSize.swift */; };
		3787E51124950AE1003A8169 /* SettingsViewController.swift in Sources */ = {isa = PBXBuildFile; fileRef = 3787E51024950AE1003A8169 /* SettingsViewController.swift */; };
		3787E51324951641003A8169 /* SettingsBar.swift in Sources */ = {isa = PBXBuildFile; fileRef = 3787E51224951641003A8169 /* SettingsBar.swift */; };
		3787E51524951C2E003A8169 /* LandingViewController.swift in Sources */ = {isa = PBXBuildFile; fileRef = 3787E51424951C2E003A8169 /* LandingViewController.swift */; };
		3787E51724952070003A8169 /* LoadingBar.swift in Sources */ = {isa = PBXBuildFile; fileRef = 3787E51624952070003A8169 /* LoadingBar.swift */; };
		3787E51924952732003A8169 /* AlertInfoWindow.swift in Sources */ = {isa = PBXBuildFile; fileRef = 3787E51824952732003A8169 /* AlertInfoWindow.swift */; };
		3787E51B249530E5003A8169 /* Keys.swift in Sources */ = {isa = PBXBuildFile; fileRef = 3787E51A249530E5003A8169 /* Keys.swift */; };
		3787E5232495B5B3003A8169 /* Sensor.swift in Sources */ = {isa = PBXBuildFile; fileRef = 3787E5222495B5B3003A8169 /* Sensor.swift */; };
		3787E5252495B5E6003A8169 /* SensorObserver.swift in Sources */ = {isa = PBXBuildFile; fileRef = 3787E5242495B5E6003A8169 /* SensorObserver.swift */; };
		71B841AEC4EC5C95EF67124B /* Pods_Fireplan_FireplanUITests.framework in Frameworks */ = {isa = PBXBuildFile; fileRef = 6981A3E085A0AAFBADC13765 /* Pods_Fireplan_FireplanUITests.framework */; };
		975303A6839B7F6A09CAE1BF /* Pods_FireplanTests.framework in Frameworks */ = {isa = PBXBuildFile; fileRef = D1542FC3E8D3E34116FC9727 /* Pods_FireplanTests.framework */; };
/* End PBXBuildFile section */

/* Begin PBXContainerItemProxy section */
		3762742C2493C3FD00149179 /* PBXContainerItemProxy */ = {
			isa = PBXContainerItemProxy;
			containerPortal = 3762740D2493C3F800149179 /* Project object */;
			proxyType = 1;
			remoteGlobalIDString = 376274142493C3F800149179;
			remoteInfo = Fireplan;
		};
		376274372493C3FD00149179 /* PBXContainerItemProxy */ = {
			isa = PBXContainerItemProxy;
			containerPortal = 3762740D2493C3F800149179 /* Project object */;
			proxyType = 1;
			remoteGlobalIDString = 376274142493C3F800149179;
			remoteInfo = Fireplan;
		};
/* End PBXContainerItemProxy section */

/* Begin PBXFileReference section */
		0E4518310ED83C070B3EC2D1 /* Pods-Fireplan.release.xcconfig */ = {isa = PBXFileReference; includeInIndex = 1; lastKnownFileType = text.xcconfig; name = "Pods-Fireplan.release.xcconfig"; path = "Target Support Files/Pods-Fireplan/Pods-Fireplan.release.xcconfig"; sourceTree = "<group>"; };
		372F740D24949A9F00E39E47 /* Database.swift */ = {isa = PBXFileReference; lastKnownFileType = sourcecode.swift; path = Database.swift; sourceTree = "<group>"; };
		375086642494A6D100023EFB /* ToggleFloorSwitch.swift */ = {isa = PBXFileReference; lastKnownFileType = sourcecode.swift; path = ToggleFloorSwitch.swift; sourceTree = "<group>"; };
		375086662494A98E00023EFB /* SwitchObserver.swift */ = {isa = PBXFileReference; lastKnownFileType = sourcecode.swift; path = SwitchObserver.swift; sourceTree = "<group>"; };
		376274152493C3F800149179 /* Fireplan.app */ = {isa = PBXFileReference; explicitFileType = wrapper.application; includeInIndex = 0; path = Fireplan.app; sourceTree = BUILT_PRODUCTS_DIR; };
		376274182493C3F800149179 /* AppDelegate.swift */ = {isa = PBXFileReference; lastKnownFileType = sourcecode.swift; path = AppDelegate.swift; sourceTree = "<group>"; };
		3762741A2493C3F800149179 /* SceneDelegate.swift */ = {isa = PBXFileReference; lastKnownFileType = sourcecode.swift; path = SceneDelegate.swift; sourceTree = "<group>"; };
		3762741C2493C3F800149179 /* FloorPlanViewController.swift */ = {isa = PBXFileReference; lastKnownFileType = sourcecode.swift; path = FloorPlanViewController.swift; sourceTree = "<group>"; };
		3762741F2493C3F800149179 /* Base */ = {isa = PBXFileReference; lastKnownFileType = file.storyboard; name = Base; path = Base.lproj/Main.storyboard; sourceTree = "<group>"; };
		376274212493C3FC00149179 /* Assets.xcassets */ = {isa = PBXFileReference; lastKnownFileType = folder.assetcatalog; path = Assets.xcassets; sourceTree = "<group>"; };
		376274242493C3FC00149179 /* Base */ = {isa = PBXFileReference; lastKnownFileType = file.storyboard; name = Base; path = Base.lproj/LaunchScreen.storyboard; sourceTree = "<group>"; };
		376274262493C3FC00149179 /* Info.plist */ = {isa = PBXFileReference; lastKnownFileType = text.plist.xml; path = Info.plist; sourceTree = "<group>"; };
		3762742B2493C3FD00149179 /* FireplanTests.xctest */ = {isa = PBXFileReference; explicitFileType = wrapper.cfbundle; includeInIndex = 0; path = FireplanTests.xctest; sourceTree = BUILT_PRODUCTS_DIR; };
		3762742F2493C3FD00149179 /* FireplanTests.swift */ = {isa = PBXFileReference; lastKnownFileType = sourcecode.swift; path = FireplanTests.swift; sourceTree = "<group>"; };
		376274312493C3FD00149179 /* Info.plist */ = {isa = PBXFileReference; lastKnownFileType = text.plist.xml; path = Info.plist; sourceTree = "<group>"; };
		376274362493C3FD00149179 /* FireplanUITests.xctest */ = {isa = PBXFileReference; explicitFileType = wrapper.cfbundle; includeInIndex = 0; path = FireplanUITests.xctest; sourceTree = BUILT_PRODUCTS_DIR; };
		3762743A2493C3FD00149179 /* FireplanUITests.swift */ = {isa = PBXFileReference; lastKnownFileType = sourcecode.swift; path = FireplanUITests.swift; sourceTree = "<group>"; };
		3762743C2493C3FD00149179 /* Info.plist */ = {isa = PBXFileReference; lastKnownFileType = text.plist.xml; path = Info.plist; sourceTree = "<group>"; };
		376274482493C6F000149179 /* Room.swift */ = {isa = PBXFileReference; lastKnownFileType = sourcecode.swift; path = Room.swift; sourceTree = "<group>"; };
		3762744A2493CA8C00149179 /* FloorPlan.swift */ = {isa = PBXFileReference; lastKnownFileType = sourcecode.swift; path = FloorPlan.swift; sourceTree = "<group>"; };
		3787E4FE2494B308003A8169 /* InfoWindow.swift */ = {isa = PBXFileReference; lastKnownFileType = sourcecode.swift; path = InfoWindow.swift; sourceTree = "<group>"; };
		3787E5002494B63B003A8169 /* FireType.swift */ = {isa = PBXFileReference; lastKnownFileType = sourcecode.swift; path = FireType.swift; sourceTree = "<group>"; };
		3787E5022494B691003A8169 /* JSONParser.swift */ = {isa = PBXFileReference; lastKnownFileType = sourcecode.swift; path = JSONParser.swift; sourceTree = "<group>"; };
		3787E5042494BAB8003A8169 /* RoomType.swift */ = {isa = PBXFileReference; lastKnownFileType = sourcecode.swift; path = RoomType.swift; sourceTree = "<group>"; };
		3787E5062494BE77003A8169 /* AlertWindow.swift */ = {isa = PBXFileReference; lastKnownFileType = sourcecode.swift; path = AlertWindow.swift; sourceTree = "<group>"; };
		3787E5082494C6AB003A8169 /* RoomObserver.swift */ = {isa = PBXFileReference; lastKnownFileType = sourcecode.swift; path = RoomObserver.swift; sourceTree = "<group>"; };
		3787E50A2494C76C003A8169 /* AlertObserver.swift */ = {isa = PBXFileReference; lastKnownFileType = sourcecode.swift; path = AlertObserver.swift; sourceTree = "<group>"; };
		3787E50E249507FA003A8169 /* FireSize.swift */ = {isa = PBXFileReference; lastKnownFileType = sourcecode.swift; path = FireSize.swift; sourceTree = "<group>"; };
		3787E51024950AE1003A8169 /* SettingsViewController.swift */ = {isa = PBXFileReference; lastKnownFileType = sourcecode.swift; path = SettingsViewController.swift; sourceTree = "<group>"; };
		3787E51224951641003A8169 /* SettingsBar.swift */ = {isa = PBXFileReference; lastKnownFileType = sourcecode.swift; path = SettingsBar.swift; sourceTree = "<group>"; };
		3787E51424951C2E003A8169 /* LandingViewController.swift */ = {isa = PBXFileReference; lastKnownFileType = sourcecode.swift; path = LandingViewController.swift; sourceTree = "<group>"; };
		3787E51624952070003A8169 /* LoadingBar.swift */ = {isa = PBXFileReference; lastKnownFileType = sourcecode.swift; path = LoadingBar.swift; sourceTree = "<group>"; };
		3787E51824952732003A8169 /* AlertInfoWindow.swift */ = {isa = PBXFileReference; lastKnownFileType = sourcecode.swift; path = AlertInfoWindow.swift; sourceTree = "<group>"; };
		3787E51A249530E5003A8169 /* Keys.swift */ = {isa = PBXFileReference; fileEncoding = 4; lastKnownFileType = sourcecode.swift; path = Keys.swift; sourceTree = "<group>"; };
		3787E5222495B5B3003A8169 /* Sensor.swift */ = {isa = PBXFileReference; lastKnownFileType = sourcecode.swift; path = Sensor.swift; sourceTree = "<group>"; };
		3787E5242495B5E6003A8169 /* SensorObserver.swift */ = {isa = PBXFileReference; lastKnownFileType = sourcecode.swift; path = SensorObserver.swift; sourceTree = "<group>"; };
		3CA238B387A99E3B3302CE64 /* Pods-Fireplan-FireplanUITests.debug.xcconfig */ = {isa = PBXFileReference; includeInIndex = 1; lastKnownFileType = text.xcconfig; name = "Pods-Fireplan-FireplanUITests.debug.xcconfig"; path = "Target Support Files/Pods-Fireplan-FireplanUITests/Pods-Fireplan-FireplanUITests.debug.xcconfig"; sourceTree = "<group>"; };
		462366CA65D9C0CA1176C263 /* Pods_Fireplan.framework */ = {isa = PBXFileReference; explicitFileType = wrapper.framework; includeInIndex = 0; path = Pods_Fireplan.framework; sourceTree = BUILT_PRODUCTS_DIR; };
		65E731000FE8C69D79460EF0 /* Pods-FireplanTests.debug.xcconfig */ = {isa = PBXFileReference; includeInIndex = 1; lastKnownFileType = text.xcconfig; name = "Pods-FireplanTests.debug.xcconfig"; path = "Target Support Files/Pods-FireplanTests/Pods-FireplanTests.debug.xcconfig"; sourceTree = "<group>"; };
		6981A3E085A0AAFBADC13765 /* Pods_Fireplan_FireplanUITests.framework */ = {isa = PBXFileReference; explicitFileType = wrapper.framework; includeInIndex = 0; path = Pods_Fireplan_FireplanUITests.framework; sourceTree = BUILT_PRODUCTS_DIR; };
		736D494DD66B686626B13E73 /* Pods-Fireplan-FireplanUITests.release.xcconfig */ = {isa = PBXFileReference; includeInIndex = 1; lastKnownFileType = text.xcconfig; name = "Pods-Fireplan-FireplanUITests.release.xcconfig"; path = "Target Support Files/Pods-Fireplan-FireplanUITests/Pods-Fireplan-FireplanUITests.release.xcconfig"; sourceTree = "<group>"; };
		884107EB2E194D9377240606 /* Pods-Fireplan.debug.xcconfig */ = {isa = PBXFileReference; includeInIndex = 1; lastKnownFileType = text.xcconfig; name = "Pods-Fireplan.debug.xcconfig"; path = "Target Support Files/Pods-Fireplan/Pods-Fireplan.debug.xcconfig"; sourceTree = "<group>"; };
		D1542FC3E8D3E34116FC9727 /* Pods_FireplanTests.framework */ = {isa = PBXFileReference; explicitFileType = wrapper.framework; includeInIndex = 0; path = Pods_FireplanTests.framework; sourceTree = BUILT_PRODUCTS_DIR; };
		F4B568705E0059D360D66023 /* Pods-FireplanTests.release.xcconfig */ = {isa = PBXFileReference; includeInIndex = 1; lastKnownFileType = text.xcconfig; name = "Pods-FireplanTests.release.xcconfig"; path = "Target Support Files/Pods-FireplanTests/Pods-FireplanTests.release.xcconfig"; sourceTree = "<group>"; };
/* End PBXFileReference section */

/* Begin PBXFrameworksBuildPhase section */
		376274122493C3F800149179 /* Frameworks */ = {
			isa = PBXFrameworksBuildPhase;
			buildActionMask = 2147483647;
			files = (
				02C6423FBABC5737654891B2 /* Pods_Fireplan.framework in Frameworks */,
			);
			runOnlyForDeploymentPostprocessing = 0;
		};
		376274282493C3FD00149179 /* Frameworks */ = {
			isa = PBXFrameworksBuildPhase;
			buildActionMask = 2147483647;
			files = (
				975303A6839B7F6A09CAE1BF /* Pods_FireplanTests.framework in Frameworks */,
			);
			runOnlyForDeploymentPostprocessing = 0;
		};
		376274332493C3FD00149179 /* Frameworks */ = {
			isa = PBXFrameworksBuildPhase;
			buildActionMask = 2147483647;
			files = (
				71B841AEC4EC5C95EF67124B /* Pods_Fireplan_FireplanUITests.framework in Frameworks */,
			);
			runOnlyForDeploymentPostprocessing = 0;
		};
/* End PBXFrameworksBuildPhase section */

/* Begin PBXGroup section */
		3762740C2493C3F800149179 = {
			isa = PBXGroup;
			children = (
				376274172493C3F800149179 /* Fireplan */,
				3762742E2493C3FD00149179 /* FireplanTests */,
				376274392493C3FD00149179 /* FireplanUITests */,
				376274162493C3F800149179 /* Products */,
				FCB5FBD22B4FCC5393B691D3 /* Pods */,
				51EB4122C5DBE6407EF718BF /* Frameworks */,
			);
			sourceTree = "<group>";
		};
		376274162493C3F800149179 /* Products */ = {
			isa = PBXGroup;
			children = (
				376274152493C3F800149179 /* Fireplan.app */,
				3762742B2493C3FD00149179 /* FireplanTests.xctest */,
				376274362493C3FD00149179 /* FireplanUITests.xctest */,
			);
			name = Products;
			sourceTree = "<group>";
		};
		376274172493C3F800149179 /* Fireplan */ = {
			isa = PBXGroup;
			children = (
				376274182493C3F800149179 /* AppDelegate.swift */,
				3762741A2493C3F800149179 /* SceneDelegate.swift */,
				3787E5222495B5B3003A8169 /* Sensor.swift */,
				3787E5242495B5E6003A8169 /* SensorObserver.swift */,
				3787E51E249533BF003A8169 /* ViewController */,
				3787E51D249533B4003A8169 /* Util */,
				3787E51F249533DA003A8169 /* Room */,
				3787E51A249530E5003A8169 /* Keys.swift */,
				3787E51C249533A3003A8169 /* Constants */,
				3787E520249533F5003A8169 /* Window */,
				3787E4FD2494B125003A8169 /* Switch */,
				3787E5212495345E003A8169 /* Database */,
				3762741E2493C3F800149179 /* Main.storyboard */,
				376274212493C3FC00149179 /* Assets.xcassets */,
				376274232493C3FC00149179 /* LaunchScreen.storyboard */,
				376274262493C3FC00149179 /* Info.plist */,
			);
			path = Fireplan;
			sourceTree = "<group>";
		};
		3762742E2493C3FD00149179 /* FireplanTests */ = {
			isa = PBXGroup;
			children = (
				3762742F2493C3FD00149179 /* FireplanTests.swift */,
				376274312493C3FD00149179 /* Info.plist */,
			);
			path = FireplanTests;
			sourceTree = "<group>";
		};
		376274392493C3FD00149179 /* FireplanUITests */ = {
			isa = PBXGroup;
			children = (
				3762743A2493C3FD00149179 /* FireplanUITests.swift */,
				3762743C2493C3FD00149179 /* Info.plist */,
			);
			path = FireplanUITests;
			sourceTree = "<group>";
		};
		3787E4FD2494B125003A8169 /* Switch */ = {
			isa = PBXGroup;
			children = (
				375086642494A6D100023EFB /* ToggleFloorSwitch.swift */,
				375086662494A98E00023EFB /* SwitchObserver.swift */,
			);
			path = Switch;
			sourceTree = "<group>";
		};
		3787E51C249533A3003A8169 /* Constants */ = {
			isa = PBXGroup;
			children = (
				3787E5002494B63B003A8169 /* FireType.swift */,
				3787E50E249507FA003A8169 /* FireSize.swift */,
			);
			path = Constants;
			sourceTree = "<group>";
		};
		3787E51D249533B4003A8169 /* Util */ = {
			isa = PBXGroup;
			children = (
				3787E5022494B691003A8169 /* JSONParser.swift */,
				3787E51224951641003A8169 /* SettingsBar.swift */,
				3787E51624952070003A8169 /* LoadingBar.swift */,
			);
			path = Util;
			sourceTree = "<group>";
		};
		3787E51E249533BF003A8169 /* ViewController */ = {
			isa = PBXGroup;
			children = (
				3787E51424951C2E003A8169 /* LandingViewController.swift */,
				3762741C2493C3F800149179 /* FloorPlanViewController.swift */,
				3787E51024950AE1003A8169 /* SettingsViewController.swift */,
			);
			path = ViewController;
			sourceTree = "<group>";
		};
		3787E51F249533DA003A8169 /* Room */ = {
			isa = PBXGroup;
			children = (
				3762744A2493CA8C00149179 /* FloorPlan.swift */,
				376274482493C6F000149179 /* Room.swift */,
				3787E5082494C6AB003A8169 /* RoomObserver.swift */,
				3787E5042494BAB8003A8169 /* RoomType.swift */,
			);
			path = Room;
			sourceTree = "<group>";
		};
		3787E520249533F5003A8169 /* Window */ = {
			isa = PBXGroup;
			children = (
				3787E51824952732003A8169 /* AlertInfoWindow.swift */,
				3787E4FE2494B308003A8169 /* InfoWindow.swift */,
				3787E5062494BE77003A8169 /* AlertWindow.swift */,
				3787E50A2494C76C003A8169 /* AlertObserver.swift */,
			);
			path = Window;
			sourceTree = "<group>";
		};
		3787E5212495345E003A8169 /* Database */ = {
			isa = PBXGroup;
			children = (
				372F740D24949A9F00E39E47 /* Database.swift */,
			);
			path = Database;
			sourceTree = "<group>";
		};
		51EB4122C5DBE6407EF718BF /* Frameworks */ = {
			isa = PBXGroup;
			children = (
				462366CA65D9C0CA1176C263 /* Pods_Fireplan.framework */,
				6981A3E085A0AAFBADC13765 /* Pods_Fireplan_FireplanUITests.framework */,
				D1542FC3E8D3E34116FC9727 /* Pods_FireplanTests.framework */,
			);
			name = Frameworks;
			sourceTree = "<group>";
		};
		FCB5FBD22B4FCC5393B691D3 /* Pods */ = {
			isa = PBXGroup;
			children = (
				884107EB2E194D9377240606 /* Pods-Fireplan.debug.xcconfig */,
				0E4518310ED83C070B3EC2D1 /* Pods-Fireplan.release.xcconfig */,
				3CA238B387A99E3B3302CE64 /* Pods-Fireplan-FireplanUITests.debug.xcconfig */,
				736D494DD66B686626B13E73 /* Pods-Fireplan-FireplanUITests.release.xcconfig */,
				65E731000FE8C69D79460EF0 /* Pods-FireplanTests.debug.xcconfig */,
				F4B568705E0059D360D66023 /* Pods-FireplanTests.release.xcconfig */,
			);
			path = Pods;
			sourceTree = "<group>";
		};
/* End PBXGroup section */

/* Begin PBXNativeTarget section */
		376274142493C3F800149179 /* Fireplan */ = {
			isa = PBXNativeTarget;
			buildConfigurationList = 3762743F2493C3FD00149179 /* Build configuration list for PBXNativeTarget "Fireplan" */;
			buildPhases = (
				6947249CBDA65112BFD7278E /* [CP] Check Pods Manifest.lock */,
				376274112493C3F800149179 /* Sources */,
				376274122493C3F800149179 /* Frameworks */,
				376274132493C3F800149179 /* Resources */,
				3E6EC5545208A4DF68996906 /* [CP] Embed Pods Frameworks */,
			);
			buildRules = (
			);
			dependencies = (
			);
			name = Fireplan;
			productName = Fireplan;
			productReference = 376274152493C3F800149179 /* Fireplan.app */;
			productType = "com.apple.product-type.application";
		};
		3762742A2493C3FD00149179 /* FireplanTests */ = {
			isa = PBXNativeTarget;
			buildConfigurationList = 376274422493C3FD00149179 /* Build configuration list for PBXNativeTarget "FireplanTests" */;
			buildPhases = (
				32736B760652634C31D6B535 /* [CP] Check Pods Manifest.lock */,
				376274272493C3FD00149179 /* Sources */,
				376274282493C3FD00149179 /* Frameworks */,
				376274292493C3FD00149179 /* Resources */,
			);
			buildRules = (
			);
			dependencies = (
				3762742D2493C3FD00149179 /* PBXTargetDependency */,
			);
			name = FireplanTests;
			productName = FireplanTests;
			productReference = 3762742B2493C3FD00149179 /* FireplanTests.xctest */;
			productType = "com.apple.product-type.bundle.unit-test";
		};
		376274352493C3FD00149179 /* FireplanUITests */ = {
			isa = PBXNativeTarget;
			buildConfigurationList = 376274452493C3FD00149179 /* Build configuration list for PBXNativeTarget "FireplanUITests" */;
			buildPhases = (
				0DE05DE0653529F1B146333A /* [CP] Check Pods Manifest.lock */,
				376274322493C3FD00149179 /* Sources */,
				376274332493C3FD00149179 /* Frameworks */,
				376274342493C3FD00149179 /* Resources */,
				D738DCADA5C4E440D8EE8932 /* [CP] Embed Pods Frameworks */,
			);
			buildRules = (
			);
			dependencies = (
				376274382493C3FD00149179 /* PBXTargetDependency */,
			);
			name = FireplanUITests;
			productName = FireplanUITests;
			productReference = 376274362493C3FD00149179 /* FireplanUITests.xctest */;
			productType = "com.apple.product-type.bundle.ui-testing";
		};
/* End PBXNativeTarget section */

/* Begin PBXProject section */
		3762740D2493C3F800149179 /* Project object */ = {
			isa = PBXProject;
			attributes = {
				LastSwiftUpdateCheck = 1150;
				LastUpgradeCheck = 1150;
				ORGANIZATIONNAME = "Hol Yin Ho";
				TargetAttributes = {
					376274142493C3F800149179 = {
						CreatedOnToolsVersion = 11.5;
					};
					3762742A2493C3FD00149179 = {
						CreatedOnToolsVersion = 11.5;
						TestTargetID = 376274142493C3F800149179;
					};
					376274352493C3FD00149179 = {
						CreatedOnToolsVersion = 11.5;
						TestTargetID = 376274142493C3F800149179;
					};
				};
			};
			buildConfigurationList = 376274102493C3F800149179 /* Build configuration list for PBXProject "Fireplan" */;
			compatibilityVersion = "Xcode 9.3";
			developmentRegion = en;
			hasScannedForEncodings = 0;
			knownRegions = (
				en,
				Base,
			);
			mainGroup = 3762740C2493C3F800149179;
			productRefGroup = 376274162493C3F800149179 /* Products */;
			projectDirPath = "";
			projectRoot = "";
			targets = (
				376274142493C3F800149179 /* Fireplan */,
				3762742A2493C3FD00149179 /* FireplanTests */,
				376274352493C3FD00149179 /* FireplanUITests */,
			);
		};
/* End PBXProject section */

/* Begin PBXResourcesBuildPhase section */
		376274132493C3F800149179 /* Resources */ = {
			isa = PBXResourcesBuildPhase;
			buildActionMask = 2147483647;
			files = (
				376274252493C3FC00149179 /* LaunchScreen.storyboard in Resources */,
				376274222493C3FC00149179 /* Assets.xcassets in Resources */,
				376274202493C3F800149179 /* Main.storyboard in Resources */,
			);
			runOnlyForDeploymentPostprocessing = 0;
		};
		376274292493C3FD00149179 /* Resources */ = {
			isa = PBXResourcesBuildPhase;
			buildActionMask = 2147483647;
			files = (
			);
			runOnlyForDeploymentPostprocessing = 0;
		};
		376274342493C3FD00149179 /* Resources */ = {
			isa = PBXResourcesBuildPhase;
			buildActionMask = 2147483647;
			files = (
			);
			runOnlyForDeploymentPostprocessing = 0;
		};
/* End PBXResourcesBuildPhase section */

/* Begin PBXShellScriptBuildPhase section */
		0DE05DE0653529F1B146333A /* [CP] Check Pods Manifest.lock */ = {
			isa = PBXShellScriptBuildPhase;
			buildActionMask = 2147483647;
			files = (
			);
			inputFileListPaths = (
			);
			inputPaths = (
				"${PODS_PODFILE_DIR_PATH}/Podfile.lock",
				"${PODS_ROOT}/Manifest.lock",
			);
			name = "[CP] Check Pods Manifest.lock";
			outputFileListPaths = (
			);
			outputPaths = (
				"$(DERIVED_FILE_DIR)/Pods-Fireplan-FireplanUITests-checkManifestLockResult.txt",
			);
			runOnlyForDeploymentPostprocessing = 0;
			shellPath = /bin/sh;
			shellScript = "diff \"${PODS_PODFILE_DIR_PATH}/Podfile.lock\" \"${PODS_ROOT}/Manifest.lock\" > /dev/null\nif [ $? != 0 ] ; then\n    # print error to STDERR\n    echo \"error: The sandbox is not in sync with the Podfile.lock. Run 'pod install' or update your CocoaPods installation.\" >&2\n    exit 1\nfi\n# This output is used by Xcode 'outputs' to avoid re-running this script phase.\necho \"SUCCESS\" > \"${SCRIPT_OUTPUT_FILE_0}\"\n";
			showEnvVarsInLog = 0;
		};
		32736B760652634C31D6B535 /* [CP] Check Pods Manifest.lock */ = {
			isa = PBXShellScriptBuildPhase;
			buildActionMask = 2147483647;
			files = (
			);
			inputFileListPaths = (
			);
			inputPaths = (
				"${PODS_PODFILE_DIR_PATH}/Podfile.lock",
				"${PODS_ROOT}/Manifest.lock",
			);
			name = "[CP] Check Pods Manifest.lock";
			outputFileListPaths = (
			);
			outputPaths = (
				"$(DERIVED_FILE_DIR)/Pods-FireplanTests-checkManifestLockResult.txt",
			);
			runOnlyForDeploymentPostprocessing = 0;
			shellPath = /bin/sh;
			shellScript = "diff \"${PODS_PODFILE_DIR_PATH}/Podfile.lock\" \"${PODS_ROOT}/Manifest.lock\" > /dev/null\nif [ $? != 0 ] ; then\n    # print error to STDERR\n    echo \"error: The sandbox is not in sync with the Podfile.lock. Run 'pod install' or update your CocoaPods installation.\" >&2\n    exit 1\nfi\n# This output is used by Xcode 'outputs' to avoid re-running this script phase.\necho \"SUCCESS\" > \"${SCRIPT_OUTPUT_FILE_0}\"\n";
			showEnvVarsInLog = 0;
		};
		3E6EC5545208A4DF68996906 /* [CP] Embed Pods Frameworks */ = {
			isa = PBXShellScriptBuildPhase;
			buildActionMask = 2147483647;
			files = (
			);
			inputFileListPaths = (
				"${PODS_ROOT}/Target Support Files/Pods-Fireplan/Pods-Fireplan-frameworks-${CONFIGURATION}-input-files.xcfilelist",
			);
			name = "[CP] Embed Pods Frameworks";
			outputFileListPaths = (
				"${PODS_ROOT}/Target Support Files/Pods-Fireplan/Pods-Fireplan-frameworks-${CONFIGURATION}-output-files.xcfilelist",
			);
			runOnlyForDeploymentPostprocessing = 0;
			shellPath = /bin/sh;
			shellScript = "\"${PODS_ROOT}/Target Support Files/Pods-Fireplan/Pods-Fireplan-frameworks.sh\"\n";
			showEnvVarsInLog = 0;
		};
		6947249CBDA65112BFD7278E /* [CP] Check Pods Manifest.lock */ = {
			isa = PBXShellScriptBuildPhase;
			buildActionMask = 2147483647;
			files = (
			);
			inputFileListPaths = (
			);
			inputPaths = (
				"${PODS_PODFILE_DIR_PATH}/Podfile.lock",
				"${PODS_ROOT}/Manifest.lock",
			);
			name = "[CP] Check Pods Manifest.lock";
			outputFileListPaths = (
			);
			outputPaths = (
				"$(DERIVED_FILE_DIR)/Pods-Fireplan-checkManifestLockResult.txt",
			);
			runOnlyForDeploymentPostprocessing = 0;
			shellPath = /bin/sh;
			shellScript = "diff \"${PODS_PODFILE_DIR_PATH}/Podfile.lock\" \"${PODS_ROOT}/Manifest.lock\" > /dev/null\nif [ $? != 0 ] ; then\n    # print error to STDERR\n    echo \"error: The sandbox is not in sync with the Podfile.lock. Run 'pod install' or update your CocoaPods installation.\" >&2\n    exit 1\nfi\n# This output is used by Xcode 'outputs' to avoid re-running this script phase.\necho \"SUCCESS\" > \"${SCRIPT_OUTPUT_FILE_0}\"\n";
			showEnvVarsInLog = 0;
		};
		D738DCADA5C4E440D8EE8932 /* [CP] Embed Pods Frameworks */ = {
			isa = PBXShellScriptBuildPhase;
			buildActionMask = 2147483647;
			files = (
			);
			inputFileListPaths = (
				"${PODS_ROOT}/Target Support Files/Pods-Fireplan-FireplanUITests/Pods-Fireplan-FireplanUITests-frameworks-${CONFIGURATION}-input-files.xcfilelist",
			);
			name = "[CP] Embed Pods Frameworks";
			outputFileListPaths = (
				"${PODS_ROOT}/Target Support Files/Pods-Fireplan-FireplanUITests/Pods-Fireplan-FireplanUITests-frameworks-${CONFIGURATION}-output-files.xcfilelist",
			);
			runOnlyForDeploymentPostprocessing = 0;
			shellPath = /bin/sh;
			shellScript = "\"${PODS_ROOT}/Target Support Files/Pods-Fireplan-FireplanUITests/Pods-Fireplan-FireplanUITests-frameworks.sh\"\n";
			showEnvVarsInLog = 0;
		};
/* End PBXShellScriptBuildPhase section */

/* Begin PBXSourcesBuildPhase section */
		376274112493C3F800149179 /* Sources */ = {
			isa = PBXSourcesBuildPhase;
			buildActionMask = 2147483647;
			files = (
				3787E51324951641003A8169 /* SettingsBar.swift in Sources */,
				3787E5252495B5E6003A8169 /* SensorObserver.swift in Sources */,
				375086652494A6D100023EFB /* ToggleFloorSwitch.swift in Sources */,
				375086672494A98E00023EFB /* SwitchObserver.swift in Sources */,
				3787E5032494B691003A8169 /* JSONParser.swift in Sources */,
				3787E5092494C6AB003A8169 /* RoomObserver.swift in Sources */,
				372F740E24949A9F00E39E47 /* Database.swift in Sources */,
				3787E5072494BE77003A8169 /* AlertWindow.swift in Sources */,
				3787E51724952070003A8169 /* LoadingBar.swift in Sources */,
				3762741D2493C3F800149179 /* FloorPlanViewController.swift in Sources */,
				3787E50F249507FB003A8169 /* FireSize.swift in Sources */,
				3787E5052494BAB8003A8169 /* RoomType.swift in Sources */,
				3787E5012494B63B003A8169 /* FireType.swift in Sources */,
				376274192493C3F800149179 /* AppDelegate.swift in Sources */,
				3787E51924952732003A8169 /* AlertInfoWindow.swift in Sources */,
				376274492493C6F000149179 /* Room.swift in Sources */,
				3787E51B249530E5003A8169 /* Keys.swift in Sources */,
				3762741B2493C3F800149179 /* SceneDelegate.swift in Sources */,
				3762744B2493CA8C00149179 /* FloorPlan.swift in Sources */,
				3787E50B2494C76C003A8169 /* AlertObserver.swift in Sources */,
				3787E4FF2494B308003A8169 /* InfoWindow.swift in Sources */,
				3787E51524951C2E003A8169 /* LandingViewController.swift in Sources */,
				3787E5232495B5B3003A8169 /* Sensor.swift in Sources */,
				3787E51124950AE1003A8169 /* SettingsViewController.swift in Sources */,
			);
			runOnlyForDeploymentPostprocessing = 0;
		};
		376274272493C3FD00149179 /* Sources */ = {
			isa = PBXSourcesBuildPhase;
			buildActionMask = 2147483647;
			files = (
				376274302493C3FD00149179 /* FireplanTests.swift in Sources */,
			);
			runOnlyForDeploymentPostprocessing = 0;
		};
		376274322493C3FD00149179 /* Sources */ = {
			isa = PBXSourcesBuildPhase;
			buildActionMask = 2147483647;
			files = (
				3762743B2493C3FD00149179 /* FireplanUITests.swift in Sources */,
			);
			runOnlyForDeploymentPostprocessing = 0;
		};
/* End PBXSourcesBuildPhase section */

/* Begin PBXTargetDependency section */
		3762742D2493C3FD00149179 /* PBXTargetDependency */ = {
			isa = PBXTargetDependency;
			target = 376274142493C3F800149179 /* Fireplan */;
			targetProxy = 3762742C2493C3FD00149179 /* PBXContainerItemProxy */;
		};
		376274382493C3FD00149179 /* PBXTargetDependency */ = {
			isa = PBXTargetDependency;
			target = 376274142493C3F800149179 /* Fireplan */;
			targetProxy = 376274372493C3FD00149179 /* PBXContainerItemProxy */;
		};
/* End PBXTargetDependency section */

/* Begin PBXVariantGroup section */
		3762741E2493C3F800149179 /* Main.storyboard */ = {
			isa = PBXVariantGroup;
			children = (
				3762741F2493C3F800149179 /* Base */,
			);
			name = Main.storyboard;
			sourceTree = "<group>";
		};
		376274232493C3FC00149179 /* LaunchScreen.storyboard */ = {
			isa = PBXVariantGroup;
			children = (
				376274242493C3FC00149179 /* Base */,
			);
			name = LaunchScreen.storyboard;
			sourceTree = "<group>";
		};
/* End PBXVariantGroup section */

/* Begin XCBuildConfiguration section */
		3762743D2493C3FD00149179 /* Debug */ = {
			isa = XCBuildConfiguration;
			buildSettings = {
				ALWAYS_SEARCH_USER_PATHS = NO;
				CLANG_ANALYZER_NONNULL = YES;
				CLANG_ANALYZER_NUMBER_OBJECT_CONVERSION = YES_AGGRESSIVE;
				CLANG_CXX_LANGUAGE_STANDARD = "gnu++14";
				CLANG_CXX_LIBRARY = "libc++";
				CLANG_ENABLE_MODULES = YES;
				CLANG_ENABLE_OBJC_ARC = YES;
				CLANG_ENABLE_OBJC_WEAK = YES;
				CLANG_WARN_BLOCK_CAPTURE_AUTORELEASING = YES;
				CLANG_WARN_BOOL_CONVERSION = YES;
				CLANG_WARN_COMMA = YES;
				CLANG_WARN_CONSTANT_CONVERSION = YES;
				CLANG_WARN_DEPRECATED_OBJC_IMPLEMENTATIONS = YES;
				CLANG_WARN_DIRECT_OBJC_ISA_USAGE = YES_ERROR;
				CLANG_WARN_DOCUMENTATION_COMMENTS = YES;
				CLANG_WARN_EMPTY_BODY = YES;
				CLANG_WARN_ENUM_CONVERSION = YES;
				CLANG_WARN_INFINITE_RECURSION = YES;
				CLANG_WARN_INT_CONVERSION = YES;
				CLANG_WARN_NON_LITERAL_NULL_CONVERSION = YES;
				CLANG_WARN_OBJC_IMPLICIT_RETAIN_SELF = YES;
				CLANG_WARN_OBJC_LITERAL_CONVERSION = YES;
				CLANG_WARN_OBJC_ROOT_CLASS = YES_ERROR;
				CLANG_WARN_RANGE_LOOP_ANALYSIS = YES;
				CLANG_WARN_STRICT_PROTOTYPES = YES;
				CLANG_WARN_SUSPICIOUS_MOVE = YES;
				CLANG_WARN_UNGUARDED_AVAILABILITY = YES_AGGRESSIVE;
				CLANG_WARN_UNREACHABLE_CODE = YES;
				CLANG_WARN__DUPLICATE_METHOD_MATCH = YES;
				COPY_PHASE_STRIP = NO;
				DEBUG_INFORMATION_FORMAT = dwarf;
				ENABLE_STRICT_OBJC_MSGSEND = YES;
				ENABLE_TESTABILITY = YES;
				GCC_C_LANGUAGE_STANDARD = gnu11;
				GCC_DYNAMIC_NO_PIC = NO;
				GCC_NO_COMMON_BLOCKS = YES;
				GCC_OPTIMIZATION_LEVEL = 0;
				GCC_PREPROCESSOR_DEFINITIONS = (
					"DEBUG=1",
					"$(inherited)",
				);
				GCC_WARN_64_TO_32_BIT_CONVERSION = YES;
				GCC_WARN_ABOUT_RETURN_TYPE = YES_ERROR;
				GCC_WARN_UNDECLARED_SELECTOR = YES;
				GCC_WARN_UNINITIALIZED_AUTOS = YES_AGGRESSIVE;
				GCC_WARN_UNUSED_FUNCTION = YES;
				GCC_WARN_UNUSED_VARIABLE = YES;
				IPHONEOS_DEPLOYMENT_TARGET = 13.5;
				MTL_ENABLE_DEBUG_INFO = INCLUDE_SOURCE;
				MTL_FAST_MATH = YES;
				ONLY_ACTIVE_ARCH = YES;
				SDKROOT = iphoneos;
				SWIFT_ACTIVE_COMPILATION_CONDITIONS = DEBUG;
				SWIFT_OPTIMIZATION_LEVEL = "-Onone";
			};
			name = Debug;
		};
		3762743E2493C3FD00149179 /* Release */ = {
			isa = XCBuildConfiguration;
			buildSettings = {
				ALWAYS_SEARCH_USER_PATHS = NO;
				CLANG_ANALYZER_NONNULL = YES;
				CLANG_ANALYZER_NUMBER_OBJECT_CONVERSION = YES_AGGRESSIVE;
				CLANG_CXX_LANGUAGE_STANDARD = "gnu++14";
				CLANG_CXX_LIBRARY = "libc++";
				CLANG_ENABLE_MODULES = YES;
				CLANG_ENABLE_OBJC_ARC = YES;
				CLANG_ENABLE_OBJC_WEAK = YES;
				CLANG_WARN_BLOCK_CAPTURE_AUTORELEASING = YES;
				CLANG_WARN_BOOL_CONVERSION = YES;
				CLANG_WARN_COMMA = YES;
				CLANG_WARN_CONSTANT_CONVERSION = YES;
				CLANG_WARN_DEPRECATED_OBJC_IMPLEMENTATIONS = YES;
				CLANG_WARN_DIRECT_OBJC_ISA_USAGE = YES_ERROR;
				CLANG_WARN_DOCUMENTATION_COMMENTS = YES;
				CLANG_WARN_EMPTY_BODY = YES;
				CLANG_WARN_ENUM_CONVERSION = YES;
				CLANG_WARN_INFINITE_RECURSION = YES;
				CLANG_WARN_INT_CONVERSION = YES;
				CLANG_WARN_NON_LITERAL_NULL_CONVERSION = YES;
				CLANG_WARN_OBJC_IMPLICIT_RETAIN_SELF = YES;
				CLANG_WARN_OBJC_LITERAL_CONVERSION = YES;
				CLANG_WARN_OBJC_ROOT_CLASS = YES_ERROR;
				CLANG_WARN_RANGE_LOOP_ANALYSIS = YES;
				CLANG_WARN_STRICT_PROTOTYPES = YES;
				CLANG_WARN_SUSPICIOUS_MOVE = YES;
				CLANG_WARN_UNGUARDED_AVAILABILITY = YES_AGGRESSIVE;
				CLANG_WARN_UNREACHABLE_CODE = YES;
				CLANG_WARN__DUPLICATE_METHOD_MATCH = YES;
				COPY_PHASE_STRIP = NO;
				DEBUG_INFORMATION_FORMAT = "dwarf-with-dsym";
				ENABLE_NS_ASSERTIONS = NO;
				ENABLE_STRICT_OBJC_MSGSEND = YES;
				GCC_C_LANGUAGE_STANDARD = gnu11;
				GCC_NO_COMMON_BLOCKS = YES;
				GCC_WARN_64_TO_32_BIT_CONVERSION = YES;
				GCC_WARN_ABOUT_RETURN_TYPE = YES_ERROR;
				GCC_WARN_UNDECLARED_SELECTOR = YES;
				GCC_WARN_UNINITIALIZED_AUTOS = YES_AGGRESSIVE;
				GCC_WARN_UNUSED_FUNCTION = YES;
				GCC_WARN_UNUSED_VARIABLE = YES;
				IPHONEOS_DEPLOYMENT_TARGET = 13.5;
				MTL_ENABLE_DEBUG_INFO = NO;
				MTL_FAST_MATH = YES;
				SDKROOT = iphoneos;
				SWIFT_COMPILATION_MODE = wholemodule;
				SWIFT_OPTIMIZATION_LEVEL = "-O";
				VALIDATE_PRODUCT = YES;
			};
			name = Release;
		};
		376274402493C3FD00149179 /* Debug */ = {
			isa = XCBuildConfiguration;
			baseConfigurationReference = 884107EB2E194D9377240606 /* Pods-Fireplan.debug.xcconfig */;
			buildSettings = {
				ASSETCATALOG_COMPILER_APPICON_NAME = AppIcon;
				CODE_SIGN_STYLE = Automatic;
				DEVELOPMENT_TEAM = 4YRGJRHD4K;
				INFOPLIST_FILE = Fireplan/Info.plist;
				LD_RUNPATH_SEARCH_PATHS = (
					"$(inherited)",
					"@executable_path/Frameworks",
				);
				PRODUCT_BUNDLE_IDENTIFIER = hoholyin.Fireplan;
				PRODUCT_NAME = "$(TARGET_NAME)";
				SWIFT_VERSION = 5.0;
				TARGETED_DEVICE_FAMILY = "1,2";
			};
			name = Debug;
		};
		376274412493C3FD00149179 /* Release */ = {
			isa = XCBuildConfiguration;
			baseConfigurationReference = 0E4518310ED83C070B3EC2D1 /* Pods-Fireplan.release.xcconfig */;
			buildSettings = {
				ASSETCATALOG_COMPILER_APPICON_NAME = AppIcon;
				CODE_SIGN_STYLE = Automatic;
				DEVELOPMENT_TEAM = 4YRGJRHD4K;
				INFOPLIST_FILE = Fireplan/Info.plist;
				LD_RUNPATH_SEARCH_PATHS = (
					"$(inherited)",
					"@executable_path/Frameworks",
				);
				PRODUCT_BUNDLE_IDENTIFIER = hoholyin.Fireplan;
				PRODUCT_NAME = "$(TARGET_NAME)";
				SWIFT_VERSION = 5.0;
				TARGETED_DEVICE_FAMILY = "1,2";
			};
			name = Release;
		};
		376274432493C3FD00149179 /* Debug */ = {
			isa = XCBuildConfiguration;
			baseConfigurationReference = 65E731000FE8C69D79460EF0 /* Pods-FireplanTests.debug.xcconfig */;
			buildSettings = {
				ALWAYS_EMBED_SWIFT_STANDARD_LIBRARIES = YES;
				BUNDLE_LOADER = "$(TEST_HOST)";
				CODE_SIGN_STYLE = Automatic;
				DEVELOPMENT_TEAM = 4YRGJRHD4K;
				INFOPLIST_FILE = FireplanTests/Info.plist;
				IPHONEOS_DEPLOYMENT_TARGET = 13.5;
				LD_RUNPATH_SEARCH_PATHS = (
					"$(inherited)",
					"@executable_path/Frameworks",
					"@loader_path/Frameworks",
				);
				PRODUCT_BUNDLE_IDENTIFIER = hoholyin.FireplanTests;
				PRODUCT_NAME = "$(TARGET_NAME)";
				SWIFT_VERSION = 5.0;
				TARGETED_DEVICE_FAMILY = "1,2";
				TEST_HOST = "$(BUILT_PRODUCTS_DIR)/Fireplan.app/Fireplan";
			};
			name = Debug;
		};
		376274442493C3FD00149179 /* Release */ = {
			isa = XCBuildConfiguration;
			baseConfigurationReference = F4B568705E0059D360D66023 /* Pods-FireplanTests.release.xcconfig */;
			buildSettings = {
				ALWAYS_EMBED_SWIFT_STANDARD_LIBRARIES = YES;
				BUNDLE_LOADER = "$(TEST_HOST)";
				CODE_SIGN_STYLE = Automatic;
				DEVELOPMENT_TEAM = 4YRGJRHD4K;
				INFOPLIST_FILE = FireplanTests/Info.plist;
				IPHONEOS_DEPLOYMENT_TARGET = 13.5;
				LD_RUNPATH_SEARCH_PATHS = (
					"$(inherited)",
					"@executable_path/Frameworks",
					"@loader_path/Frameworks",
				);
				PRODUCT_BUNDLE_IDENTIFIER = hoholyin.FireplanTests;
				PRODUCT_NAME = "$(TARGET_NAME)";
				SWIFT_VERSION = 5.0;
				TARGETED_DEVICE_FAMILY = "1,2";
				TEST_HOST = "$(BUILT_PRODUCTS_DIR)/Fireplan.app/Fireplan";
			};
			name = Release;
		};
		376274462493C3FD00149179 /* Debug */ = {
			isa = XCBuildConfiguration;
			baseConfigurationReference = 3CA238B387A99E3B3302CE64 /* Pods-Fireplan-FireplanUITests.debug.xcconfig */;
			buildSettings = {
				ALWAYS_EMBED_SWIFT_STANDARD_LIBRARIES = YES;
				CODE_SIGN_STYLE = Automatic;
				DEVELOPMENT_TEAM = 4YRGJRHD4K;
				INFOPLIST_FILE = FireplanUITests/Info.plist;
				LD_RUNPATH_SEARCH_PATHS = (
					"$(inherited)",
					"@executable_path/Frameworks",
					"@loader_path/Frameworks",
				);
				PRODUCT_BUNDLE_IDENTIFIER = hoholyin.FireplanUITests;
				PRODUCT_NAME = "$(TARGET_NAME)";
				SWIFT_VERSION = 5.0;
				TARGETED_DEVICE_FAMILY = "1,2";
				TEST_TARGET_NAME = Fireplan;
			};
			name = Debug;
		};
		376274472493C3FD00149179 /* Release */ = {
			isa = XCBuildConfiguration;
			baseConfigurationReference = 736D494DD66B686626B13E73 /* Pods-Fireplan-FireplanUITests.release.xcconfig */;
			buildSettings = {
				ALWAYS_EMBED_SWIFT_STANDARD_LIBRARIES = YES;
				CODE_SIGN_STYLE = Automatic;
				DEVELOPMENT_TEAM = 4YRGJRHD4K;
				INFOPLIST_FILE = FireplanUITests/Info.plist;
				LD_RUNPATH_SEARCH_PATHS = (
					"$(inherited)",
					"@executable_path/Frameworks",
					"@loader_path/Frameworks",
				);
				PRODUCT_BUNDLE_IDENTIFIER = hoholyin.FireplanUITests;
				PRODUCT_NAME = "$(TARGET_NAME)";
				SWIFT_VERSION = 5.0;
				TARGETED_DEVICE_FAMILY = "1,2";
				TEST_TARGET_NAME = Fireplan;
			};
			name = Release;
		};
/* End XCBuildConfiguration section */

/* Begin XCConfigurationList section */
		376274102493C3F800149179 /* Build configuration list for PBXProject "Fireplan" */ = {
			isa = XCConfigurationList;
			buildConfigurations = (
				3762743D2493C3FD00149179 /* Debug */,
				3762743E2493C3FD00149179 /* Release */,
			);
			defaultConfigurationIsVisible = 0;
			defaultConfigurationName = Release;
		};
		3762743F2493C3FD00149179 /* Build configuration list for PBXNativeTarget "Fireplan" */ = {
			isa = XCConfigurationList;
			buildConfigurations = (
				376274402493C3FD00149179 /* Debug */,
				376274412493C3FD00149179 /* Release */,
			);
			defaultConfigurationIsVisible = 0;
			defaultConfigurationName = Release;
		};
		376274422493C3FD00149179 /* Build configuration list for PBXNativeTarget "FireplanTests" */ = {
			isa = XCConfigurationList;
			buildConfigurations = (
				376274432493C3FD00149179 /* Debug */,
				376274442493C3FD00149179 /* Release */,
			);
			defaultConfigurationIsVisible = 0;
			defaultConfigurationName = Release;
		};
		376274452493C3FD00149179 /* Build configuration list for PBXNativeTarget "FireplanUITests" */ = {
			isa = XCConfigurationList;
			buildConfigurations = (
				376274462493C3FD00149179 /* Debug */,
				376274472493C3FD00149179 /* Release */,
			);
			defaultConfigurationIsVisible = 0;
			defaultConfigurationName = Release;
		};
/* End XCConfigurationList section */
	};
	rootObject = 3762740D2493C3F800149179 /* Project object */;
}
